// !$*UTF8*$!
{
	archiveVersion = 1;
	classes = {
	};
	objectVersion = 50;
	objects = {

/* Begin PBXBuildFile section */
		8B467DBC25B0994B0096BF80 /* NeuroApp.swift in Sources */ = {isa = PBXBuildFile; fileRef = 8B467DBB25B0994B0096BF80 /* NeuroApp.swift */; };
		8B467DBE25B0994B0096BF80 /* ContentView.swift in Sources */ = {isa = PBXBuildFile; fileRef = 8B467DBD25B0994B0096BF80 /* ContentView.swift */; };
		8B467DC025B0994C0096BF80 /* Assets.xcassets in Resources */ = {isa = PBXBuildFile; fileRef = 8B467DBF25B0994C0096BF80 /* Assets.xcassets */; };
		8B467DC325B0994C0096BF80 /* Preview Assets.xcassets in Resources */ = {isa = PBXBuildFile; fileRef = 8B467DC225B0994C0096BF80 /* Preview Assets.xcassets */; };
		8B467DCE25B0994C0096BF80 /* NeuroTests.swift in Sources */ = {isa = PBXBuildFile; fileRef = 8B467DCD25B0994C0096BF80 /* NeuroTests.swift */; };
		8B467DD925B0994C0096BF80 /* NeuroUITests.swift in Sources */ = {isa = PBXBuildFile; fileRef = 8B467DD825B0994C0096BF80 /* NeuroUITests.swift */; };
/* End PBXBuildFile section */

/* Begin PBXContainerItemProxy section */
		8B467DCA25B0994C0096BF80 /* PBXContainerItemProxy */ = {
			isa = PBXContainerItemProxy;
			containerPortal = 8B467DB025B0994A0096BF80 /* Project object */;
			proxyType = 1;
			remoteGlobalIDString = 8B467DB725B0994A0096BF80;
			remoteInfo = Neuro;
		};
		8B467DD525B0994C0096BF80 /* PBXContainerItemProxy */ = {
			isa = PBXContainerItemProxy;
			containerPortal = 8B467DB025B0994A0096BF80 /* Project object */;
			proxyType = 1;
			remoteGlobalIDString = 8B467DB725B0994A0096BF80;
			remoteInfo = Neuro;
		};
/* End PBXContainerItemProxy section */

/* Begin PBXFileReference section */
		8B467DB825B0994B0096BF80 /* Neuro.app */ = {isa = PBXFileReference; explicitFileType = wrapper.application; includeInIndex = 0; path = Neuro.app; sourceTree = BUILT_PRODUCTS_DIR; };
		8B467DBB25B0994B0096BF80 /* NeuroApp.swift */ = {isa = PBXFileReference; lastKnownFileType = sourcecode.swift; path = NeuroApp.swift; sourceTree = "<group>"; };
		8B467DBD25B0994B0096BF80 /* ContentView.swift */ = {isa = PBXFileReference; lastKnownFileType = sourcecode.swift; path = ContentView.swift; sourceTree = "<group>"; };
		8B467DBF25B0994C0096BF80 /* Assets.xcassets */ = {isa = PBXFileReference; lastKnownFileType = folder.assetcatalog; path = Assets.xcassets; sourceTree = "<group>"; };
		8B467DC225B0994C0096BF80 /* Preview Assets.xcassets */ = {isa = PBXFileReference; lastKnownFileType = folder.assetcatalog; path = "Preview Assets.xcassets"; sourceTree = "<group>"; };
		8B467DC425B0994C0096BF80 /* Info.plist */ = {isa = PBXFileReference; lastKnownFileType = text.plist.xml; path = Info.plist; sourceTree = "<group>"; };
		8B467DC925B0994C0096BF80 /* NeuroTests.xctest */ = {isa = PBXFileReference; explicitFileType = wrapper.cfbundle; includeInIndex = 0; path = NeuroTests.xctest; sourceTree = BUILT_PRODUCTS_DIR; };
		8B467DCD25B0994C0096BF80 /* NeuroTests.swift */ = {isa = PBXFileReference; lastKnownFileType = sourcecode.swift; path = NeuroTests.swift; sourceTree = "<group>"; };
		8B467DCF25B0994C0096BF80 /* Info.plist */ = {isa = PBXFileReference; lastKnownFileType = text.plist.xml; path = Info.plist; sourceTree = "<group>"; };
		8B467DD425B0994C0096BF80 /* NeuroUITests.xctest */ = {isa = PBXFileReference; explicitFileType = wrapper.cfbundle; includeInIndex = 0; path = NeuroUITests.xctest; sourceTree = BUILT_PRODUCTS_DIR; };
		8B467DD825B0994C0096BF80 /* NeuroUITests.swift */ = {isa = PBXFileReference; lastKnownFileType = sourcecode.swift; path = NeuroUITests.swift; sourceTree = "<group>"; };
		8B467DDA25B0994C0096BF80 /* Info.plist */ = {isa = PBXFileReference; lastKnownFileType = text.plist.xml; path = Info.plist; sourceTree = "<group>"; };
/* End PBXFileReference section */

/* Begin PBXFrameworksBuildPhase section */
		8B467DB525B0994A0096BF80 /* Frameworks */ = {
			isa = PBXFrameworksBuildPhase;
			buildActionMask = 2147483647;
			files = (
			);
			runOnlyForDeploymentPostprocessing = 0;
		};
		8B467DC625B0994C0096BF80 /* Frameworks */ = {
			isa = PBXFrameworksBuildPhase;
			buildActionMask = 2147483647;
			files = (
			);
			runOnlyForDeploymentPostprocessing = 0;
		};
		8B467DD125B0994C0096BF80 /* Frameworks */ = {
			isa = PBXFrameworksBuildPhase;
			buildActionMask = 2147483647;
			files = (
			);
			runOnlyForDeploymentPostprocessing = 0;
		};
/* End PBXFrameworksBuildPhase section */

/* Begin PBXGroup section */
		8B467DAF25B0994A0096BF80 = {
			isa = PBXGroup;
			children = (
				8B467DBA25B0994B0096BF80 /* Neuro */,
				8B467DCC25B0994C0096BF80 /* NeuroTests */,
				8B467DD725B0994C0096BF80 /* NeuroUITests */,
				8B467DB925B0994B0096BF80 /* Products */,
			);
			sourceTree = "<group>";
		};
		8B467DB925B0994B0096BF80 /* Products */ = {
			isa = PBXGroup;
			children = (
				8B467DB825B0994B0096BF80 /* Neuro.app */,
				8B467DC925B0994C0096BF80 /* NeuroTests.xctest */,
				8B467DD425B0994C0096BF80 /* NeuroUITests.xctest */,
			);
			name = Products;
			sourceTree = "<group>";
		};
		8B467DBA25B0994B0096BF80 /* Neuro */ = {
			isa = PBXGroup;
			children = (
				8B467DBB25B0994B0096BF80 /* NeuroApp.swift */,
				8B467DBD25B0994B0096BF80 /* ContentView.swift */,
				8B467DBF25B0994C0096BF80 /* Assets.xcassets */,
				8B467DC425B0994C0096BF80 /* Info.plist */,
				8B467DC125B0994C0096BF80 /* Preview Content */,
			);
			path = Neuro;
			sourceTree = "<group>";
		};
		8B467DC125B0994C0096BF80 /* Preview Content */ = {
			isa = PBXGroup;
			children = (
				8B467DC225B0994C0096BF80 /* Preview Assets.xcassets */,
			);
			path = "Preview Content";
			sourceTree = "<group>";
		};
		8B467DCC25B0994C0096BF80 /* NeuroTests */ = {
			isa = PBXGroup;
			children = (
				8B467DCD25B0994C0096BF80 /* NeuroTests.swift */,
				8B467DCF25B0994C0096BF80 /* Info.plist */,
			);
			path = NeuroTests;
			sourceTree = "<group>";
		};
		8B467DD725B0994C0096BF80 /* NeuroUITests */ = {
			isa = PBXGroup;
			children = (
				8B467DD825B0994C0096BF80 /* NeuroUITests.swift */,
				8B467DDA25B0994C0096BF80 /* Info.plist */,
			);
			path = NeuroUITests;
			sourceTree = "<group>";
		};
/* End PBXGroup section */

/* Begin PBXNativeTarget section */
		8B467DB725B0994A0096BF80 /* Neuro */ = {
			isa = PBXNativeTarget;
			buildConfigurationList = 8B467DDD25B0994C0096BF80 /* Build configuration list for PBXNativeTarget "Neuro" */;
			buildPhases = (
				8B467DB425B0994A0096BF80 /* Sources */,
				8B467DB525B0994A0096BF80 /* Frameworks */,
				8B467DB625B0994A0096BF80 /* Resources */,
			);
			buildRules = (
			);
			dependencies = (
			);
			name = Neuro;
			productName = Neuro;
			productReference = 8B467DB825B0994B0096BF80 /* Neuro.app */;
			productType = "com.apple.product-type.application";
		};
		8B467DC825B0994C0096BF80 /* NeuroTests */ = {
			isa = PBXNativeTarget;
			buildConfigurationList = 8B467DE025B0994C0096BF80 /* Build configuration list for PBXNativeTarget "NeuroTests" */;
			buildPhases = (
				8B467DC525B0994C0096BF80 /* Sources */,
				8B467DC625B0994C0096BF80 /* Frameworks */,
				8B467DC725B0994C0096BF80 /* Resources */,
			);
			buildRules = (
			);
			dependencies = (
				8B467DCB25B0994C0096BF80 /* PBXTargetDependency */,
			);
			name = NeuroTests;
			productName = NeuroTests;
			productReference = 8B467DC925B0994C0096BF80 /* NeuroTests.xctest */;
			productType = "com.apple.product-type.bundle.unit-test";
		};
		8B467DD325B0994C0096BF80 /* NeuroUITests */ = {
			isa = PBXNativeTarget;
			buildConfigurationList = 8B467DE325B0994C0096BF80 /* Build configuration list for PBXNativeTarget "NeuroUITests" */;
			buildPhases = (
				8B467DD025B0994C0096BF80 /* Sources */,
				8B467DD125B0994C0096BF80 /* Frameworks */,
				8B467DD225B0994C0096BF80 /* Resources */,
			);
			buildRules = (
			);
			dependencies = (
				8B467DD625B0994C0096BF80 /* PBXTargetDependency */,
			);
			name = NeuroUITests;
			productName = NeuroUITests;
			productReference = 8B467DD425B0994C0096BF80 /* NeuroUITests.xctest */;
			productType = "com.apple.product-type.bundle.ui-testing";
		};
/* End PBXNativeTarget section */

/* Begin PBXProject section */
		8B467DB025B0994A0096BF80 /* Project object */ = {
			isa = PBXProject;
			attributes = {
				LastSwiftUpdateCheck = 1230;
				LastUpgradeCheck = 1230;
				TargetAttributes = {
					8B467DB725B0994A0096BF80 = {
						CreatedOnToolsVersion = 12.3;
					};
					8B467DC825B0994C0096BF80 = {
						CreatedOnToolsVersion = 12.3;
						TestTargetID = 8B467DB725B0994A0096BF80;
					};
					8B467DD325B0994C0096BF80 = {
						CreatedOnToolsVersion = 12.3;
						TestTargetID = 8B467DB725B0994A0096BF80;
					};
				};
			};
			buildConfigurationList = 8B467DB325B0994A0096BF80 /* Build configuration list for PBXProject "Neuro" */;
			compatibilityVersion = "Xcode 9.3";
			developmentRegion = en;
			hasScannedForEncodings = 0;
			knownRegions = (
				en,
				Base,
			);
			mainGroup = 8B467DAF25B0994A0096BF80;
			productRefGroup = 8B467DB925B0994B0096BF80 /* Products */;
			projectDirPath = "";
			projectRoot = "";
			targets = (
				8B467DB725B0994A0096BF80 /* Neuro */,
				8B467DC825B0994C0096BF80 /* NeuroTests */,
				8B467DD325B0994C0096BF80 /* NeuroUITests */,
			);
		};
/* End PBXProject section */

/* Begin PBXResourcesBuildPhase section */
		8B467DB625B0994A0096BF80 /* Resources */ = {
			isa = PBXResourcesBuildPhase;
			buildActionMask = 2147483647;
			files = (
				8B467DC325B0994C0096BF80 /* Preview Assets.xcassets in Resources */,
				8B467DC025B0994C0096BF80 /* Assets.xcassets in Resources */,
			);
			runOnlyForDeploymentPostprocessing = 0;
		};
		8B467DC725B0994C0096BF80 /* Resources */ = {
			isa = PBXResourcesBuildPhase;
			buildActionMask = 2147483647;
			files = (
			);
			runOnlyForDeploymentPostprocessing = 0;
		};
		8B467DD225B0994C0096BF80 /* Resources */ = {
			isa = PBXResourcesBuildPhase;
			buildActionMask = 2147483647;
			files = (
			);
			runOnlyForDeploymentPostprocessing = 0;
		};
/* End PBXResourcesBuildPhase section */

/* Begin PBXSourcesBuildPhase section */
		8B467DB425B0994A0096BF80 /* Sources */ = {
			isa = PBXSourcesBuildPhase;
			buildActionMask = 2147483647;
			files = (
				8B467DBE25B0994B0096BF80 /* ContentView.swift in Sources */,
				8B467DBC25B0994B0096BF80 /* NeuroApp.swift in Sources */,
			);
			runOnlyForDeploymentPostprocessing = 0;
		};
		8B467DC525B0994C0096BF80 /* Sources */ = {
			isa = PBXSourcesBuildPhase;
			buildActionMask = 2147483647;
			files = (
				8B467DCE25B0994C0096BF80 /* NeuroTests.swift in Sources */,
			);
			runOnlyForDeploymentPostprocessing = 0;
		};
		8B467DD025B0994C0096BF80 /* Sources */ = {
			isa = PBXSourcesBuildPhase;
			buildActionMask = 2147483647;
			files = (
				8B467DD925B0994C0096BF80 /* NeuroUITests.swift in Sources */,
			);
			runOnlyForDeploymentPostprocessing = 0;
		};
/* End PBXSourcesBuildPhase section */

/* Begin PBXTargetDependency section */
		8B467DCB25B0994C0096BF80 /* PBXTargetDependency */ = {
			isa = PBXTargetDependency;
			target = 8B467DB725B0994A0096BF80 /* Neuro */;
			targetProxy = 8B467DCA25B0994C0096BF80 /* PBXContainerItemProxy */;
		};
		8B467DD625B0994C0096BF80 /* PBXTargetDependency */ = {
			isa = PBXTargetDependency;
			target = 8B467DB725B0994A0096BF80 /* Neuro */;
			targetProxy = 8B467DD525B0994C0096BF80 /* PBXContainerItemProxy */;
		};
/* End PBXTargetDependency section */

/* Begin XCBuildConfiguration section */
		8B467DDB25B0994C0096BF80 /* Debug */ = {
			isa = XCBuildConfiguration;
			buildSettings = {
				ALWAYS_SEARCH_USER_PATHS = NO;
				CLANG_ANALYZER_NONNULL = YES;
				CLANG_ANALYZER_NUMBER_OBJECT_CONVERSION = YES_AGGRESSIVE;
				CLANG_CXX_LANGUAGE_STANDARD = "gnu++14";
				CLANG_CXX_LIBRARY = "libc++";
				CLANG_ENABLE_MODULES = YES;
				CLANG_ENABLE_OBJC_ARC = YES;
				CLANG_ENABLE_OBJC_WEAK = YES;
				CLANG_WARN_BLOCK_CAPTURE_AUTORELEASING = YES;
				CLANG_WARN_BOOL_CONVERSION = YES;
				CLANG_WARN_COMMA = YES;
				CLANG_WARN_CONSTANT_CONVERSION = YES;
				CLANG_WARN_DEPRECATED_OBJC_IMPLEMENTATIONS = YES;
				CLANG_WARN_DIRECT_OBJC_ISA_USAGE = YES_ERROR;
				CLANG_WARN_DOCUMENTATION_COMMENTS = YES;
				CLANG_WARN_EMPTY_BODY = YES;
				CLANG_WARN_ENUM_CONVERSION = YES;
				CLANG_WARN_INFINITE_RECURSION = YES;
				CLANG_WARN_INT_CONVERSION = YES;
				CLANG_WARN_NON_LITERAL_NULL_CONVERSION = YES;
				CLANG_WARN_OBJC_IMPLICIT_RETAIN_SELF = YES;
				CLANG_WARN_OBJC_LITERAL_CONVERSION = YES;
				CLANG_WARN_OBJC_ROOT_CLASS = YES_ERROR;
				CLANG_WARN_QUOTED_INCLUDE_IN_FRAMEWORK_HEADER = YES;
				CLANG_WARN_RANGE_LOOP_ANALYSIS = YES;
				CLANG_WARN_STRICT_PROTOTYPES = YES;
				CLANG_WARN_SUSPICIOUS_MOVE = YES;
				CLANG_WARN_UNGUARDED_AVAILABILITY = YES_AGGRESSIVE;
				CLANG_WARN_UNREACHABLE_CODE = YES;
				CLANG_WARN__DUPLICATE_METHOD_MATCH = YES;
				COPY_PHASE_STRIP = NO;
				DEBUG_INFORMATION_FORMAT = dwarf;
				ENABLE_STRICT_OBJC_MSGSEND = YES;
				ENABLE_TESTABILITY = YES;
				GCC_C_LANGUAGE_STANDARD = gnu11;
				GCC_DYNAMIC_NO_PIC = NO;
				GCC_NO_COMMON_BLOCKS = YES;
				GCC_OPTIMIZATION_LEVEL = 0;
				GCC_PREPROCESSOR_DEFINITIONS = (
					"DEBUG=1",
					"$(inherited)",
				);
				GCC_WARN_64_TO_32_BIT_CONVERSION = YES;
				GCC_WARN_ABOUT_RETURN_TYPE = YES_ERROR;
				GCC_WARN_UNDECLARED_SELECTOR = YES;
				GCC_WARN_UNINITIALIZED_AUTOS = YES_AGGRESSIVE;
				GCC_WARN_UNUSED_FUNCTION = YES;
				GCC_WARN_UNUSED_VARIABLE = YES;
				IPHONEOS_DEPLOYMENT_TARGET = 14.3;
				MTL_ENABLE_DEBUG_INFO = INCLUDE_SOURCE;
				MTL_FAST_MATH = YES;
				ONLY_ACTIVE_ARCH = YES;
				SDKROOT = iphoneos;
				SWIFT_ACTIVE_COMPILATION_CONDITIONS = DEBUG;
				SWIFT_OPTIMIZATION_LEVEL = "-Onone";
			};
			name = Debug;
		};
		8B467DDC25B0994C0096BF80 /* Release */ = {
			isa = XCBuildConfiguration;
			buildSettings = {
				ALWAYS_SEARCH_USER_PATHS = NO;
				CLANG_ANALYZER_NONNULL = YES;
				CLANG_ANALYZER_NUMBER_OBJECT_CONVERSION = YES_AGGRESSIVE;
				CLANG_CXX_LANGUAGE_STANDARD = "gnu++14";
				CLANG_CXX_LIBRARY = "libc++";
				CLANG_ENABLE_MODULES = YES;
				CLANG_ENABLE_OBJC_ARC = YES;
				CLANG_ENABLE_OBJC_WEAK = YES;
				CLANG_WARN_BLOCK_CAPTURE_AUTORELEASING = YES;
				CLANG_WARN_BOOL_CONVERSION = YES;
				CLANG_WARN_COMMA = YES;
				CLANG_WARN_CONSTANT_CONVERSION = YES;
				CLANG_WARN_DEPRECATED_OBJC_IMPLEMENTATIONS = YES;
				CLANG_WARN_DIRECT_OBJC_ISA_USAGE = YES_ERROR;
				CLANG_WARN_DOCUMENTATION_COMMENTS = YES;
				CLANG_WARN_EMPTY_BODY = YES;
				CLANG_WARN_ENUM_CONVERSION = YES;
				CLANG_WARN_INFINITE_RECURSION = YES;
				CLANG_WARN_INT_CONVERSION = YES;
				CLANG_WARN_NON_LITERAL_NULL_CONVERSION = YES;
				CLANG_WARN_OBJC_IMPLICIT_RETAIN_SELF = YES;
				CLANG_WARN_OBJC_LITERAL_CONVERSION = YES;
				CLANG_WARN_OBJC_ROOT_CLASS = YES_ERROR;
				CLANG_WARN_QUOTED_INCLUDE_IN_FRAMEWORK_HEADER = YES;
				CLANG_WARN_RANGE_LOOP_ANALYSIS = YES;
				CLANG_WARN_STRICT_PROTOTYPES = YES;
				CLANG_WARN_SUSPICIOUS_MOVE = YES;
				CLANG_WARN_UNGUARDED_AVAILABILITY = YES_AGGRESSIVE;
				CLANG_WARN_UNREACHABLE_CODE = YES;
				CLANG_WARN__DUPLICATE_METHOD_MATCH = YES;
				COPY_PHASE_STRIP = NO;
				DEBUG_INFORMATION_FORMAT = "dwarf-with-dsym";
				ENABLE_NS_ASSERTIONS = NO;
				ENABLE_STRICT_OBJC_MSGSEND = YES;
				GCC_C_LANGUAGE_STANDARD = gnu11;
				GCC_NO_COMMON_BLOCKS = YES;
				GCC_WARN_64_TO_32_BIT_CONVERSION = YES;
				GCC_WARN_ABOUT_RETURN_TYPE = YES_ERROR;
				GCC_WARN_UNDECLARED_SELECTOR = YES;
				GCC_WARN_UNINITIALIZED_AUTOS = YES_AGGRESSIVE;
				GCC_WARN_UNUSED_FUNCTION = YES;
				GCC_WARN_UNUSED_VARIABLE = YES;
				IPHONEOS_DEPLOYMENT_TARGET = 14.3;
				MTL_ENABLE_DEBUG_INFO = NO;
				MTL_FAST_MATH = YES;
				SDKROOT = iphoneos;
				SWIFT_COMPILATION_MODE = wholemodule;
				SWIFT_OPTIMIZATION_LEVEL = "-O";
				VALIDATE_PRODUCT = YES;
			};
			name = Release;
		};
		8B467DDE25B0994C0096BF80 /* Debug */ = {
			isa = XCBuildConfiguration;
			buildSettings = {
				ASSETCATALOG_COMPILER_APPICON_NAME = AppIcon;
				ASSETCATALOG_COMPILER_GLOBAL_ACCENT_COLOR_NAME = AccentColor;
				CODE_SIGN_STYLE = Automatic;
				DEVELOPMENT_ASSET_PATHS = "\"Neuro/Preview Content\"";
				DEVELOPMENT_TEAM = FJL9UV3P9V;
				ENABLE_PREVIEWS = YES;
				INFOPLIST_FILE = Neuro/Info.plist;
				IPHONEOS_DEPLOYMENT_TARGET = 14.0;
				LD_RUNPATH_SEARCH_PATHS = (
					"$(inherited)",
					"@executable_path/Frameworks",
				);
				PRODUCT_BUNDLE_IDENTIFIER = com.andrejkling.Neuro;
				PRODUCT_NAME = "$(TARGET_NAME)";
				SWIFT_VERSION = 5.0;
				TARGETED_DEVICE_FAMILY = "1,2";
			};
			name = Debug;
		};
		8B467DDF25B0994C0096BF80 /* Release */ = {
			isa = XCBuildConfiguration;
			buildSettings = {
				ASSETCATALOG_COMPILER_APPICON_NAME = AppIcon;
				ASSETCATALOG_COMPILER_GLOBAL_ACCENT_COLOR_NAME = AccentColor;
				CODE_SIGN_STYLE = Automatic;
				DEVELOPMENT_ASSET_PATHS = "\"Neuro/Preview Content\"";
				DEVELOPMENT_TEAM = FJL9UV3P9V;
				ENABLE_PREVIEWS = YES;
				INFOPLIST_FILE = Neuro/Info.plist;
				IPHONEOS_DEPLOYMENT_TARGET = 14.0;
				LD_RUNPATH_SEARCH_PATHS = (
					"$(inherited)",
					"@executable_path/Frameworks",
				);
				PRODUCT_BUNDLE_IDENTIFIER = com.andrejkling.Neuro;
				PRODUCT_NAME = "$(TARGET_NAME)";
				SWIFT_VERSION = 5.0;
				TARGETED_DEVICE_FAMILY = "1,2";
			};
			name = Release;
		};
		8B467DE125B0994C0096BF80 /* Debug */ = {
			isa = XCBuildConfiguration;
			buildSettings = {
				ALWAYS_EMBED_SWIFT_STANDARD_LIBRARIES = YES;
				BUNDLE_LOADER = "$(TEST_HOST)";
				CODE_SIGN_STYLE = Automatic;
				DEVELOPMENT_TEAM = FJL9UV3P9V;
				INFOPLIST_FILE = NeuroTests/Info.plist;
				IPHONEOS_DEPLOYMENT_TARGET = 14.0;
				LD_RUNPATH_SEARCH_PATHS = (
					"$(inherited)",
					"@executable_path/Frameworks",
					"@loader_path/Frameworks",
				);
				PRODUCT_BUNDLE_IDENTIFIER = com.andrejkling.NeuroTests;
				PRODUCT_NAME = "$(TARGET_NAME)";
				SWIFT_VERSION = 5.0;
				TARGETED_DEVICE_FAMILY = "1,2";
				TEST_HOST = "$(BUILT_PRODUCTS_DIR)/Neuro.app/Neuro";
			};
			name = Debug;
		};
		8B467DE225B0994C0096BF80 /* Release */ = {
			isa = XCBuildConfiguration;
			buildSettings = {
				ALWAYS_EMBED_SWIFT_STANDARD_LIBRARIES = YES;
				BUNDLE_LOADER = "$(TEST_HOST)";
				CODE_SIGN_STYLE = Automatic;
				DEVELOPMENT_TEAM = FJL9UV3P9V;
				INFOPLIST_FILE = NeuroTests/Info.plist;
				IPHONEOS_DEPLOYMENT_TARGET = 14.0;
				LD_RUNPATH_SEARCH_PATHS = (
					"$(inherited)",
					"@executable_path/Frameworks",
					"@loader_path/Frameworks",
				);
				PRODUCT_BUNDLE_IDENTIFIER = com.andrejkling.NeuroTests;
				PRODUCT_NAME = "$(TARGET_NAME)";
				SWIFT_VERSION = 5.0;
				TARGETED_DEVICE_FAMILY = "1,2";
				TEST_HOST = "$(BUILT_PRODUCTS_DIR)/Neuro.app/Neuro";
			};
			name = Release;
		};
		8B467DE425B0994C0096BF80 /* Debug */ = {
			isa = XCBuildConfiguration;
			buildSettings = {
				ALWAYS_EMBED_SWIFT_STANDARD_LIBRARIES = YES;
				CODE_SIGN_STYLE = Automatic;
				DEVELOPMENT_TEAM = FJL9UV3P9V;
				INFOPLIST_FILE = NeuroUITests/Info.plist;
				LD_RUNPATH_SEARCH_PATHS = (
					"$(inherited)",
					"@executable_path/Frameworks",
					"@loader_path/Frameworks",
				);
				PRODUCT_BUNDLE_IDENTIFIER = com.andrejkling.NeuroUITests;
				PRODUCT_NAME = "$(TARGET_NAME)";
				SWIFT_VERSION = 5.0;
				TARGETED_DEVICE_FAMILY = "1,2";
				TEST_TARGET_NAME = Neuro;
			};
			name = Debug;
		};
		8B467DE525B0994C0096BF80 /* Release */ = {
			isa = XCBuildConfiguration;
			buildSettings = {
				ALWAYS_EMBED_SWIFT_STANDARD_LIBRARIES = YES;
				CODE_SIGN_STYLE = Automatic;
				DEVELOPMENT_TEAM = FJL9UV3P9V;
				INFOPLIST_FILE = NeuroUITests/Info.plist;
				LD_RUNPATH_SEARCH_PATHS = (
					"$(inherited)",
					"@executable_path/Frameworks",
					"@loader_path/Frameworks",
				);
				PRODUCT_BUNDLE_IDENTIFIER = com.andrejkling.NeuroUITests;
				PRODUCT_NAME = "$(TARGET_NAME)";
				SWIFT_VERSION = 5.0;
				TARGETED_DEVICE_FAMILY = "1,2";
				TEST_TARGET_NAME = Neuro;
			};
			name = Release;
		};
/* End XCBuildConfiguration section */

/* Begin XCConfigurationList section */
		8B467DB325B0994A0096BF80 /* Build configuration list for PBXProject "Neuro" */ = {
			isa = XCConfigurationList;
			buildConfigurations = (
				8B467DDB25B0994C0096BF80 /* Debug */,
				8B467DDC25B0994C0096BF80 /* Release */,
			);
			defaultConfigurationIsVisible = 0;
			defaultConfigurationName = Release;
		};
		8B467DDD25B0994C0096BF80 /* Build configuration list for PBXNativeTarget "Neuro" */ = {
			isa = XCConfigurationList;
			buildConfigurations = (
				8B467DDE25B0994C0096BF80 /* Debug */,
				8B467DDF25B0994C0096BF80 /* Release */,
			);
			defaultConfigurationIsVisible = 0;
			defaultConfigurationName = Release;
		};
		8B467DE025B0994C0096BF80 /* Build configuration list for PBXNativeTarget "NeuroTests" */ = {
			isa = XCConfigurationList;
			buildConfigurations = (
				8B467DE125B0994C0096BF80 /* Debug */,
				8B467DE225B0994C0096BF80 /* Release */,
			);
			defaultConfigurationIsVisible = 0;
			defaultConfigurationName = Release;
		};
		8B467DE325B0994C0096BF80 /* Build configuration list for PBXNativeTarget "NeuroUITests" */ = {
			isa = XCConfigurationList;
			buildConfigurations = (
				8B467DE425B0994C0096BF80 /* Debug */,
				8B467DE525B0994C0096BF80 /* Release */,
			);
			defaultConfigurationIsVisible = 0;
			defaultConfigurationName = Release;
		};
/* End XCConfigurationList section */
	};
	rootObject = 8B467DB025B0994A0096BF80 /* Project object */;
}
